
Microsoft Visual Studio Solution File, Format Version 12.00
# Visual Studio 15
VisualStudioVersion = 15.0.27004.2006
MinimumVisualStudioVersion = 10.0.40219.1
Project("{8BC9CEB8-8B4A-11D0-8D11-00A0C91BC942}") = "TcpServer", "TcpServer\TcpServer.vcxproj", "{1115E2B9-1A06-4CEC-9728-04141428D143}"
EndProject
Project("{2150E333-8FDC-42A3-9474-1A3956D46DE8}") = "Solution Items", "Solution Items", "{D787427F-EAA6-4FFA-8BFA-F02C64763F77}"
	ProjectSection(SolutionItems) = preProject
		ReadMe.txt = ReadMe.txt
	EndProjectSection
EndProject
Project("{8BC9CEB8-8B4A-11D0-8D11-00A0C91BC942}") = "TcpClient", "TcpClient\TcpClient.vcxproj", "{7F01927F-A091-434B-B38C-83422D49C461}"
EndProject
Global
	GlobalSection(SolutionConfigurationPlatforms) = preSolution
		Debug|x64 = Debug|x64
		Debug|x86 = Debug|x86
		Release|x64 = Release|x64
		Release|x86 = Release|x86
	EndGlobalSection
	GlobalSection(ProjectConfigurationPlatforms) = postSolution
		{1115E2B9-1A06-4CEC-9728-04141428D143}.Debug|x64.ActiveCfg = Debug|x64
		{1115E2B9-1A06-4CEC-9728-04141428D143}.Debug|x64.Build.0 = Debug|x64
		{1115E2B9-1A06-4CEC-9728-04141428D143}.Debug|x86.ActiveCfg = Debug|Win32
		{1115E2B9-1A06-4CEC-9728-04141428D143}.Debug|x86.Build.0 = Debug|Win32
		{1115E2B9-1A06-4CEC-9728-04141428D143}.Release|x64.ActiveCfg = Release|x64
		{1115E2B9-1A06-4CEC-9728-04141428D143}.Release|x64.Build.0 = Release|x64
		{1115E2B9-1A06-4CEC-9728-04141428D143}.Release|x86.ActiveCfg = Release|Win32
		{1115E2B9-1A06-4CEC-9728-04141428D143}.Release|x86.Build.0 = Release|Win32
		{7F01927F-A091-434B-B38C-83422D49C461}.Debug|x64.ActiveCfg = Debug|x64
		{7F01927F-A091-434B-B38C-83422D49C461}.Debug|x64.Build.0 = Debug|x64
		{7F01927F-A091-434B-B38C-83422D49C461}.Debug|x86.ActiveCfg = Debug|Win32
		{7F01927F-A091-434B-B38C-83422D49C461}.Debug|x86.Build.0 = Debug|Win32
		{7F01927F-A091-434B-B38C-83422D49C461}.Release|x64.ActiveCfg = Release|x64
		{7F01927F-A091-434B-B38C-83422D49C461}.Release|x64.Build.0 = Release|x64
		{7F01927F-A091-434B-B38C-83422D49C461}.Release|x86.ActiveCfg = Release|Win32
		{7F01927F-A091-434B-B38C-83422D49C461}.Release|x86.Build.0 = Release|Win32
	EndGlobalSection
	GlobalSection(SolutionProperties) = preSolution
		HideSolutionNode = FALSE
	EndGlobalSection
	GlobalSection(ExtensibilityGlobals) = postSolution
		SolutionGuid = {F1681B05-4122-43E5-AB42-83F81E889E9A}
	EndGlobalSection
EndGlobal
